
Microsoft Visual Studio Solution File, Format Version 12.00
# Visual Studio Version 17
VisualStudioVersion = 17.14.37203.1 d17.14
MinimumVisualStudioVersion = 10.0.40219.1
Project("{FAE04EC0-301F-11D3-BF4B-00C04F79EFBC}") = "HRPlatform", "HRPlatform.csproj", "{2F1CE609-51A3-4FA4-98D0-672CC42D1F13}"
EndProject
Global
	GlobalSection(SolutionConfigurationPlatforms) = preSolution
		Debug|Any CPU = Debug|Any CPU
		Release|Any CPU = Release|Any CPU
	EndGlobalSection
	GlobalSection(ProjectConfigurationPlatforms) = postSolution
		{2F1CE609-51A3-4FA4-98D0-672CC42D1F13}.Debug|Any CPU.ActiveCfg = Debug|Any CPU
		{2F1CE609-51A3-4FA4-98D0-672CC42D1F13}.Debug|Any CPU.Build.0 = Debug|Any CPU
		{2F1CE609-51A3-4FA4-98D0-672CC42D1F13}.Release|Any CPU.ActiveCfg = Release|Any CPU
		{2F1CE609-51A3-4FA4-98D0-672CC42D1F13}.Release|Any CPU.Build.0 = Release|Any CPU
	EndGlobalSection
	GlobalSection(SolutionProperties) = preSolution
		HideSolutionNode = FALSE
	EndGlobalSection
	GlobalSection(ExtensibilityGlobals) = postSolution
		SolutionGuid = {DD5DD87A-A361-437B-8261-70F12E4F0E20}
	EndGlobalSection
EndGlobal
